{
  "nodes": {
    "cloudflared-helm": {
      "flake": false,
      "locked": {
        "lastModified": 1694029361,
        "narHash": "sha256-gfMiEQ39bK+XbDwG6GwlP8UUkiWXMTp/xDRKQoe5A3Q=",
        "owner": "cloudflare",
        "repo": "helm-charts",
        "rev": "b85225eb49e1b0b40328c70d4541a27ec5e2b82e",
        "type": "github"
      },
      "original": {
        "owner": "cloudflare",
        "repo": "helm-charts",
        "type": "github"
      }
    },
    "flake-compat": {
      "flake": false,
      "locked": {
        "lastModified": 1696426674,
        "narHash": "sha256-kvjfFW7WAETZlt09AgDn1MrtKzP7t90Vf7vypd3OL1U=",
        "owner": "edolstra",
        "repo": "flake-compat",
        "rev": "0f9255e01c2351cc7d116c072cb317785dd33b33",
        "type": "github"
      },
      "original": {
        "owner": "edolstra",
        "repo": "flake-compat",
        "type": "github"
      }
    },
    "flake-utils": {
      "inputs": {
        "systems": "systems"
      },
      "locked": {
        "lastModified": 1705309234,
        "narHash": "sha256-uNRRNRKmJyCRC/8y1RqBkqWBLM034y4qN7EprSdmgyA=",
        "owner": "numtide",
        "repo": "flake-utils",
        "rev": "1ef2e671c3b0c19053962c07dbda38332dcebf26",
        "type": "github"
      },
      "original": {
        "owner": "numtide",
        "repo": "flake-utils",
        "type": "github"
      }
    },
    "flake-utils_2": {
      "inputs": {
        "systems": "systems_2"
      },
      "locked": {
        "lastModified": 1701680307,
        "narHash": "sha256-kAuep2h5ajznlPMD9rnQyffWG8EM/C73lejGofXvdM8=",
        "owner": "numtide",
        "repo": "flake-utils",
        "rev": "4022d587cbbfd70fe950c1e2083a02621806a725",
        "type": "github"
      },
      "original": {
        "id": "flake-utils",
        "type": "indirect"
      }
    },
    "flake-utils_3": {
      "inputs": {
        "systems": "systems_3"
      },
      "locked": {
        "lastModified": 1694529238,
        "narHash": "sha256-zsNZZGTGnMOf9YpHKJqMSsa0dXbfmxeoJ7xHlrt+xmY=",
        "owner": "numtide",
        "repo": "flake-utils",
        "rev": "ff7b65b44d01cf9ba6a71320833626af21126384",
        "type": "github"
      },
      "original": {
        "owner": "numtide",
        "repo": "flake-utils",
        "type": "github"
      }
    },
    "flake-utils_4": {
      "inputs": {
        "systems": "systems_5"
      },
      "locked": {
        "lastModified": 1705309234,
        "narHash": "sha256-uNRRNRKmJyCRC/8y1RqBkqWBLM034y4qN7EprSdmgyA=",
        "owner": "numtide",
        "repo": "flake-utils",
        "rev": "1ef2e671c3b0c19053962c07dbda38332dcebf26",
        "type": "github"
      },
      "original": {
        "owner": "numtide",
        "repo": "flake-utils",
        "type": "github"
      }
    },
    "github-actions-runner-helm": {
      "flake": false,
      "locked": {
        "lastModified": 1707745629,
        "narHash": "sha256-F3jbhe9qLod1uZvj80aJX3eVHIO0/uqIcx+S2lEq14Y=",
        "owner": "actions",
        "repo": "actions-runner-controller",
        "rev": "9fba37540a5dab4bb20ce2d931fa298ad5f132d4",
        "type": "github"
      },
      "original": {
        "owner": "actions",
        "repo": "actions-runner-controller",
        "type": "github"
      }
    },
    "minecraft-helm": {
      "flake": false,
      "locked": {
        "lastModified": 1707948372,
        "narHash": "sha256-ImTMmQqvsPd5tvVY2kk3afDa9zDC/joJAxwFiM38cM8=",
        "owner": "itzg",
        "repo": "minecraft-server-charts",
        "rev": "1e6f5dc306968d94122db3a46e49dacbe4c13207",
        "type": "github"
      },
      "original": {
        "owner": "itzg",
        "repo": "minecraft-server-charts",
        "type": "github"
      }
    },
    "nfs-helm": {
      "flake": false,
      "locked": {
        "lastModified": 1708056460,
        "narHash": "sha256-eezfOnKkWD7rNXFYtXQN+kMEJ/ew9oG60II1p5jYWzk=",
        "owner": "kubernetes-sigs",
        "repo": "nfs-subdir-external-provisioner",
        "rev": "59a3ca2cd10febfbe200c8676c4107be95f267a9",
        "type": "github"
      },
      "original": {
        "owner": "kubernetes-sigs",
        "repo": "nfs-subdir-external-provisioner",
        "type": "github"
      }
    },
    "nix-github-actions": {
      "inputs": {
        "nixpkgs": [
          "nixhelm",
          "poetry2nix",
          "nixpkgs"
        ]
      },
      "locked": {
        "lastModified": 1698974481,
        "narHash": "sha256-yPncV9Ohdz1zPZxYHQf47S8S0VrnhV7nNhCawY46hDA=",
        "owner": "nix-community",
        "repo": "nix-github-actions",
        "rev": "4bb5e752616262457bc7ca5882192a564c0472d2",
        "type": "github"
      },
      "original": {
        "owner": "nix-community",
        "repo": "nix-github-actions",
        "type": "github"
      }
    },
    "nix-kube-generators": {
      "locked": {
        "lastModified": 1708155396,
        "narHash": "sha256-A/BIeJjiRS7sBYP6tFJa/WHDPHe7DGTCkSEKXttYeAQ=",
        "owner": "farcaller",
        "repo": "nix-kube-generators",
        "rev": "14dbd5e5b40615937900f71d9a9851b59b4d9a88",
        "type": "github"
      },
      "original": {
        "owner": "farcaller",
        "repo": "nix-kube-generators",
        "type": "github"
      }
    },
    "nix-kube-generators_2": {
      "locked": {
        "lastModified": 1702548734,
        "narHash": "sha256-2pREm/iZ1FyyFuukt/B3nud2NYTUImy5vqc2tESoP9g=",
        "owner": "farcaller",
        "repo": "nix-kube-generators",
        "rev": "fb7a70a8cd76aa76fdf3281123582693aec486a7",
        "type": "github"
      },
      "original": {
        "owner": "farcaller",
        "repo": "nix-kube-generators",
        "type": "github"
      }
    },
    "nixhelm": {
      "inputs": {
        "flake-utils": "flake-utils_2",
        "nix-kube-generators": "nix-kube-generators_2",
        "nixpkgs": "nixpkgs",
        "poetry2nix": "poetry2nix"
      },
      "locked": {
        "lastModified": 1708304289,
        "narHash": "sha256-NSM4+RFRDhe+EZtdP8eEpBmaZtXaIDorcqdqYDur3MA=",
        "owner": "farcaller",
        "repo": "nixhelm",
        "rev": "5b0db2c7db259e0b4d3abb281e7c51111e2921bc",
        "type": "github"
      },
      "original": {
        "owner": "farcaller",
        "repo": "nixhelm",
        "type": "github"
      }
    },
    "nixpkgs": {
      "locked": {
        "lastModified": 1702312524,
        "narHash": "sha256-gkZJRDBUCpTPBvQk25G0B7vfbpEYM5s5OZqghkjZsnE=",
        "owner": "NixOS",
        "repo": "nixpkgs",
        "rev": "a9bf124c46ef298113270b1f84a164865987a91c",
        "type": "github"
      },
      "original": {
        "owner": "NixOS",
        "ref": "nixos-unstable",
        "repo": "nixpkgs",
        "type": "github"
      }
    },
    "nixpkgs_2": {
      "locked": {
        "lastModified": 1708384925,
        "narHash": "sha256-iMb3HiEVnMvYqETabBK8zU2oreqwytAhF9UtGNqGwts=",
        "owner": "NixOS",
        "repo": "nixpkgs",
        "rev": "791355b27c5bfc58f7339a3dafc936ec50130e01",
        "type": "github"
      },
      "original": {
        "owner": "NixOS",
        "repo": "nixpkgs",
        "type": "github"
      }
    },
    "nixpkgs_3": {
      "locked": {
        "lastModified": 1707619277,
        "narHash": "sha256-vKnYD5GMQbNQyyQm4wRlqi+5n0/F1hnvqSQgaBy4BqY=",
        "owner": "NixOS",
        "repo": "nixpkgs",
        "rev": "f3a93440fbfff8a74350f4791332a19282cc6dc8",
        "type": "github"
      },
      "original": {
        "owner": "NixOS",
        "ref": "nixpkgs-unstable",
        "repo": "nixpkgs",
        "type": "github"
      }
    },
    "poetry2nix": {
      "inputs": {
        "flake-utils": "flake-utils_3",
        "nix-github-actions": "nix-github-actions",
        "nixpkgs": [
          "nixhelm",
          "nixpkgs"
        ],
        "systems": "systems_4",
        "treefmt-nix": "treefmt-nix"
      },
      "locked": {
        "lastModified": 1702365004,
        "narHash": "sha256-IRFvmyP1uk1hchRVxaXTqu6YoZCvMM/NVtUf2hD2Tag=",
        "owner": "nix-community",
        "repo": "poetry2nix",
        "rev": "c12ac880114d52a3cad5fa02b00f2e2090e89982",
        "type": "github"
      },
      "original": {
        "owner": "nix-community",
        "repo": "poetry2nix",
        "type": "github"
      }
    },
    "root": {
      "inputs": {
        "cloudflared-helm": "cloudflared-helm",
        "flake-utils": "flake-utils",
        "github-actions-runner-helm": "github-actions-runner-helm",
        "minecraft-helm": "minecraft-helm",
        "nfs-helm": "nfs-helm",
        "nix-kube-generators": "nix-kube-generators",
        "nixhelm": "nixhelm",
        "nixpkgs": "nixpkgs_2",
        "tailscale": "tailscale",
        "truecharts-helm": "truecharts-helm"
      }
    },
    "systems": {
      "locked": {
        "lastModified": 1681028828,
        "narHash": "sha256-Vy1rq5AaRuLzOxct8nz4T6wlgyUR7zLU309k9mBC768=",
        "owner": "nix-systems",
        "repo": "default",
        "rev": "da67096a3b9bf56a91d16901293e51ba5b49a27e",
        "type": "github"
      },
      "original": {
        "owner": "nix-systems",
        "repo": "default",
        "type": "github"
      }
    },
    "systems_2": {
      "locked": {
        "lastModified": 1681028828,
        "narHash": "sha256-Vy1rq5AaRuLzOxct8nz4T6wlgyUR7zLU309k9mBC768=",
        "owner": "nix-systems",
        "repo": "default",
        "rev": "da67096a3b9bf56a91d16901293e51ba5b49a27e",
        "type": "github"
      },
      "original": {
        "owner": "nix-systems",
        "repo": "default",
        "type": "github"
      }
    },
    "systems_3": {
      "locked": {
        "lastModified": 1681028828,
        "narHash": "sha256-Vy1rq5AaRuLzOxct8nz4T6wlgyUR7zLU309k9mBC768=",
        "owner": "nix-systems",
        "repo": "default",
        "rev": "da67096a3b9bf56a91d16901293e51ba5b49a27e",
        "type": "github"
      },
      "original": {
        "owner": "nix-systems",
        "repo": "default",
        "type": "github"
      }
    },
    "systems_4": {
      "locked": {
        "lastModified": 1681028828,
        "narHash": "sha256-Vy1rq5AaRuLzOxct8nz4T6wlgyUR7zLU309k9mBC768=",
        "owner": "nix-systems",
        "repo": "default",
        "rev": "da67096a3b9bf56a91d16901293e51ba5b49a27e",
        "type": "github"
      },
      "original": {
        "id": "systems",
        "type": "indirect"
      }
    },
    "systems_5": {
      "locked": {
        "lastModified": 1681028828,
        "narHash": "sha256-Vy1rq5AaRuLzOxct8nz4T6wlgyUR7zLU309k9mBC768=",
        "owner": "nix-systems",
        "repo": "default",
        "rev": "da67096a3b9bf56a91d16901293e51ba5b49a27e",
        "type": "github"
      },
      "original": {
        "owner": "nix-systems",
        "repo": "default",
        "type": "github"
      }
    },
    "tailscale": {
      "inputs": {
        "flake-compat": "flake-compat",
        "flake-utils": "flake-utils_4",
        "nixpkgs": "nixpkgs_3"
      },
      "locked": {
        "lastModified": 1708362193,
        "narHash": "sha256-3mtMx2Ntg2y3H39pllonhDOkck8COz0hAhNHDh4x5EA=",
        "owner": "tailscale",
        "repo": "tailscale",
        "rev": "a4a909a20b0f868de4870294e200e803f61589f7",
        "type": "github"
      },
      "original": {
        "owner": "tailscale",
        "repo": "tailscale",
        "type": "github"
      }
    },
    "treefmt-nix": {
      "inputs": {
        "nixpkgs": [
          "nixhelm",
          "poetry2nix",
          "nixpkgs"
        ]
      },
      "locked": {
        "lastModified": 1699786194,
        "narHash": "sha256-3h3EH1FXQkIeAuzaWB+nK0XK54uSD46pp+dMD3gAcB4=",
        "owner": "numtide",
        "repo": "treefmt-nix",
        "rev": "e82f32aa7f06bbbd56d7b12186d555223dc399d1",
        "type": "github"
      },
      "original": {
        "owner": "numtide",
        "repo": "treefmt-nix",
        "type": "github"
      }
    },
    "truecharts-helm": {
      "flake": false,
      "locked": {
        "lastModified": 1708369371,
        "narHash": "sha256-1aI6ZqyZ99XEPdSmqB1uqi19NxO6+Kv1Sg4TJnZaXs8=",
        "owner": "truecharts",
        "repo": "charts",
        "rev": "50e6e697ad5e79479fba6018db295736699f5b32",
        "type": "github"
      },
      "original": {
        "owner": "truecharts",
        "repo": "charts",
        "type": "github"
      }
    }
  },
  "root": "root",
  "version": 7
}
