{
  "nodes": {
    "cloudflared-helm": {
      "flake": false,
      "locked": {
        "lastModified": 1694029361,
        "narHash": "sha256-gfMiEQ39bK+XbDwG6GwlP8UUkiWXMTp/xDRKQoe5A3Q=",
        "owner": "cloudflare",
        "repo": "helm-charts",
        "rev": "b85225eb49e1b0b40328c70d4541a27ec5e2b82e",
        "type": "github"
      },
      "original": {
        "owner": "cloudflare",
        "repo": "helm-charts",
        "type": "github"
      }
    },
    "flake-compat": {
      "flake": false,
      "locked": {
        "lastModified": 1673956053,
        "narHash": "sha256-4gtG9iQuiKITOjNQQeQIpoIB6b16fm+504Ch3sNKLd8=",
        "owner": "edolstra",
        "repo": "flake-compat",
        "rev": "35bb57c0c8d8b62bbfd284272c928ceb64ddbde9",
        "type": "github"
      },
      "original": {
        "owner": "edolstra",
        "repo": "flake-compat",
        "type": "github"
      }
    },
    "flake-utils": {
      "inputs": {
        "systems": "systems"
      },
      "locked": {
        "lastModified": 1705309234,
        "narHash": "sha256-uNRRNRKmJyCRC/8y1RqBkqWBLM034y4qN7EprSdmgyA=",
        "owner": "numtide",
        "repo": "flake-utils",
        "rev": "1ef2e671c3b0c19053962c07dbda38332dcebf26",
        "type": "github"
      },
      "original": {
        "owner": "numtide",
        "repo": "flake-utils",
        "type": "github"
      }
    },
    "flake-utils_2": {
      "inputs": {
        "systems": "systems_2"
      },
      "locked": {
        "lastModified": 1701680307,
        "narHash": "sha256-kAuep2h5ajznlPMD9rnQyffWG8EM/C73lejGofXvdM8=",
        "owner": "numtide",
        "repo": "flake-utils",
        "rev": "4022d587cbbfd70fe950c1e2083a02621806a725",
        "type": "github"
      },
      "original": {
        "id": "flake-utils",
        "type": "indirect"
      }
    },
    "flake-utils_3": {
      "inputs": {
        "systems": "systems_3"
      },
      "locked": {
        "lastModified": 1694529238,
        "narHash": "sha256-zsNZZGTGnMOf9YpHKJqMSsa0dXbfmxeoJ7xHlrt+xmY=",
        "owner": "numtide",
        "repo": "flake-utils",
        "rev": "ff7b65b44d01cf9ba6a71320833626af21126384",
        "type": "github"
      },
      "original": {
        "owner": "numtide",
        "repo": "flake-utils",
        "type": "github"
      }
    },
    "flake-utils_4": {
      "inputs": {
        "systems": "systems_5"
      },
      "locked": {
        "lastModified": 1692799911,
        "narHash": "sha256-3eihraek4qL744EvQXsK1Ha6C3CR7nnT8X2qWap4RNk=",
        "owner": "numtide",
        "repo": "flake-utils",
        "rev": "f9e7cf818399d17d347f847525c5a5a8032e4e44",
        "type": "github"
      },
      "original": {
        "owner": "numtide",
        "repo": "flake-utils",
        "type": "github"
      }
    },
    "github-actions-runner-helm": {
      "flake": false,
      "locked": {
        "lastModified": 1706263388,
        "narHash": "sha256-nEUYsm1mSBU0/hvO3Q0JGRJILefN2uJtNoIQ5KiXt9I=",
        "owner": "actions",
        "repo": "actions-runner-controller",
        "rev": "d72774753c1ac24f927cac68b368f2abc9f65f40",
        "type": "github"
      },
      "original": {
        "owner": "actions",
        "repo": "actions-runner-controller",
        "type": "github"
      }
    },
    "minecraft-helm": {
      "flake": false,
      "locked": {
        "lastModified": 1703614344,
        "narHash": "sha256-MxlEjowZg9U1NlsmnlguizhqIPvvb6jGvCmc1LLj+SE=",
        "owner": "itzg",
        "repo": "minecraft-server-charts",
        "rev": "7ade943750bd2adeb055978a708aa7246c6fc032",
        "type": "github"
      },
      "original": {
        "owner": "itzg",
        "repo": "minecraft-server-charts",
        "type": "github"
      }
    },
    "nfs-helm": {
      "flake": false,
      "locked": {
        "lastModified": 1698266056,
        "narHash": "sha256-TeD7VDdJ69MdhJeGTYZfWJJr3IWGvmPdSDoiUf/yUqc=",
        "owner": "kubernetes-sigs",
        "repo": "nfs-subdir-external-provisioner",
        "rev": "814e0d8d92919d31ef8827fa8b3b483237fdfacc",
        "type": "github"
      },
      "original": {
        "owner": "kubernetes-sigs",
        "repo": "nfs-subdir-external-provisioner",
        "type": "github"
      }
    },
    "nix-github-actions": {
      "inputs": {
        "nixpkgs": [
          "nixhelm",
          "poetry2nix",
          "nixpkgs"
        ]
      },
      "locked": {
        "lastModified": 1698974481,
        "narHash": "sha256-yPncV9Ohdz1zPZxYHQf47S8S0VrnhV7nNhCawY46hDA=",
        "owner": "nix-community",
        "repo": "nix-github-actions",
        "rev": "4bb5e752616262457bc7ca5882192a564c0472d2",
        "type": "github"
      },
      "original": {
        "owner": "nix-community",
        "repo": "nix-github-actions",
        "type": "github"
      }
    },
    "nix-kube-generators": {
      "locked": {
        "lastModified": 1704488811,
        "narHash": "sha256-M0t8x++If8kAaWu5p+YIpUSHajRqFMEXFo0OBv5RC20=",
        "owner": "farcaller",
        "repo": "nix-kube-generators",
        "rev": "614d4bf855a7d3de1acaa82617ce0ff9d63c4f18",
        "type": "github"
      },
      "original": {
        "owner": "farcaller",
        "repo": "nix-kube-generators",
        "type": "github"
      }
    },
    "nix-kube-generators_2": {
      "locked": {
        "lastModified": 1702548734,
        "narHash": "sha256-2pREm/iZ1FyyFuukt/B3nud2NYTUImy5vqc2tESoP9g=",
        "owner": "farcaller",
        "repo": "nix-kube-generators",
        "rev": "fb7a70a8cd76aa76fdf3281123582693aec486a7",
        "type": "github"
      },
      "original": {
        "owner": "farcaller",
        "repo": "nix-kube-generators",
        "type": "github"
      }
    },
    "nixhelm": {
      "inputs": {
        "flake-utils": "flake-utils_2",
        "nix-kube-generators": "nix-kube-generators_2",
        "nixpkgs": "nixpkgs",
        "poetry2nix": "poetry2nix"
      },
      "locked": {
        "lastModified": 1706576262,
        "narHash": "sha256-fe4jTLDa/4CTq8D1vb9WVRdEa1s5QkFxUNLaqLlBe+U=",
        "owner": "farcaller",
        "repo": "nixhelm",
        "rev": "3facaa58504e412823f4f61322f938760cd7aa91",
        "type": "github"
      },
      "original": {
        "owner": "farcaller",
        "repo": "nixhelm",
        "type": "github"
      }
    },
    "nixpkgs": {
      "locked": {
        "lastModified": 1702312524,
        "narHash": "sha256-gkZJRDBUCpTPBvQk25G0B7vfbpEYM5s5OZqghkjZsnE=",
        "owner": "NixOS",
        "repo": "nixpkgs",
        "rev": "a9bf124c46ef298113270b1f84a164865987a91c",
        "type": "github"
      },
      "original": {
        "owner": "NixOS",
        "ref": "nixos-unstable",
        "repo": "nixpkgs",
        "type": "github"
      }
    },
    "nixpkgs_2": {
      "locked": {
        "lastModified": 1706584484,
        "narHash": "sha256-Nlj3xFLP+CAP4eRVBMkc6OQ9ZPD/K4HlD1YeuAkxeOQ=",
        "owner": "NixOS",
        "repo": "nixpkgs",
        "rev": "630cc6b1cae6876cc894a5527e8acc2d58e31112",
        "type": "github"
      },
      "original": {
        "owner": "NixOS",
        "repo": "nixpkgs",
        "type": "github"
      }
    },
    "nixpkgs_3": {
      "locked": {
        "lastModified": 1693060755,
        "narHash": "sha256-KNsbfqewEziFJEpPR0qvVz4rx0x6QXxw1CcunRhlFdk=",
        "owner": "NixOS",
        "repo": "nixpkgs",
        "rev": "c66ccfa00c643751da2fd9290e096ceaa30493fc",
        "type": "github"
      },
      "original": {
        "owner": "NixOS",
        "ref": "nixpkgs-unstable",
        "repo": "nixpkgs",
        "type": "github"
      }
    },
    "poetry2nix": {
      "inputs": {
        "flake-utils": "flake-utils_3",
        "nix-github-actions": "nix-github-actions",
        "nixpkgs": [
          "nixhelm",
          "nixpkgs"
        ],
        "systems": "systems_4",
        "treefmt-nix": "treefmt-nix"
      },
      "locked": {
        "lastModified": 1702365004,
        "narHash": "sha256-IRFvmyP1uk1hchRVxaXTqu6YoZCvMM/NVtUf2hD2Tag=",
        "owner": "nix-community",
        "repo": "poetry2nix",
        "rev": "c12ac880114d52a3cad5fa02b00f2e2090e89982",
        "type": "github"
      },
      "original": {
        "owner": "nix-community",
        "repo": "poetry2nix",
        "type": "github"
      }
    },
    "root": {
      "inputs": {
        "cloudflared-helm": "cloudflared-helm",
        "flake-utils": "flake-utils",
        "github-actions-runner-helm": "github-actions-runner-helm",
        "minecraft-helm": "minecraft-helm",
        "nfs-helm": "nfs-helm",
        "nix-kube-generators": "nix-kube-generators",
        "nixhelm": "nixhelm",
        "nixpkgs": "nixpkgs_2",
        "tailscale": "tailscale",
        "truecharts-helm": "truecharts-helm"
      }
    },
    "systems": {
      "locked": {
        "lastModified": 1681028828,
        "narHash": "sha256-Vy1rq5AaRuLzOxct8nz4T6wlgyUR7zLU309k9mBC768=",
        "owner": "nix-systems",
        "repo": "default",
        "rev": "da67096a3b9bf56a91d16901293e51ba5b49a27e",
        "type": "github"
      },
      "original": {
        "owner": "nix-systems",
        "repo": "default",
        "type": "github"
      }
    },
    "systems_2": {
      "locked": {
        "lastModified": 1681028828,
        "narHash": "sha256-Vy1rq5AaRuLzOxct8nz4T6wlgyUR7zLU309k9mBC768=",
        "owner": "nix-systems",
        "repo": "default",
        "rev": "da67096a3b9bf56a91d16901293e51ba5b49a27e",
        "type": "github"
      },
      "original": {
        "owner": "nix-systems",
        "repo": "default",
        "type": "github"
      }
    },
    "systems_3": {
      "locked": {
        "lastModified": 1681028828,
        "narHash": "sha256-Vy1rq5AaRuLzOxct8nz4T6wlgyUR7zLU309k9mBC768=",
        "owner": "nix-systems",
        "repo": "default",
        "rev": "da67096a3b9bf56a91d16901293e51ba5b49a27e",
        "type": "github"
      },
      "original": {
        "owner": "nix-systems",
        "repo": "default",
        "type": "github"
      }
    },
    "systems_4": {
      "locked": {
        "lastModified": 1681028828,
        "narHash": "sha256-Vy1rq5AaRuLzOxct8nz4T6wlgyUR7zLU309k9mBC768=",
        "owner": "nix-systems",
        "repo": "default",
        "rev": "da67096a3b9bf56a91d16901293e51ba5b49a27e",
        "type": "github"
      },
      "original": {
        "id": "systems",
        "type": "indirect"
      }
    },
    "systems_5": {
      "locked": {
        "lastModified": 1681028828,
        "narHash": "sha256-Vy1rq5AaRuLzOxct8nz4T6wlgyUR7zLU309k9mBC768=",
        "owner": "nix-systems",
        "repo": "default",
        "rev": "da67096a3b9bf56a91d16901293e51ba5b49a27e",
        "type": "github"
      },
      "original": {
        "owner": "nix-systems",
        "repo": "default",
        "type": "github"
      }
    },
    "tailscale": {
      "inputs": {
        "flake-compat": "flake-compat",
        "flake-utils": "flake-utils_4",
        "nixpkgs": "nixpkgs_3"
      },
      "locked": {
        "lastModified": 1706566729,
        "narHash": "sha256-H5/t1sWbEWRocuxMZihXlSpbQymv1YaH43iR49OazG4=",
        "owner": "tailscale",
        "repo": "tailscale",
        "rev": "9744ad47e3d517604255c95963816cc6cd5b2913",
        "type": "github"
      },
      "original": {
        "owner": "tailscale",
        "repo": "tailscale",
        "type": "github"
      }
    },
    "treefmt-nix": {
      "inputs": {
        "nixpkgs": [
          "nixhelm",
          "poetry2nix",
          "nixpkgs"
        ]
      },
      "locked": {
        "lastModified": 1699786194,
        "narHash": "sha256-3h3EH1FXQkIeAuzaWB+nK0XK54uSD46pp+dMD3gAcB4=",
        "owner": "numtide",
        "repo": "treefmt-nix",
        "rev": "e82f32aa7f06bbbd56d7b12186d555223dc399d1",
        "type": "github"
      },
      "original": {
        "owner": "numtide",
        "repo": "treefmt-nix",
        "type": "github"
      }
    },
    "truecharts-helm": {
      "flake": false,
      "locked": {
        "lastModified": 1706574830,
        "narHash": "sha256-FflH23WuJRqcoXW6T8xyrHYaWe360Q5IclkEOPoqYH0=",
        "owner": "truecharts",
        "repo": "charts",
        "rev": "a38efe187477db60c30070298bb92b01baffaa4a",
        "type": "github"
      },
      "original": {
        "owner": "truecharts",
        "repo": "charts",
        "type": "github"
      }
    }
  },
  "root": "root",
  "version": 7
}
