{
  "nodes": {
    "cloudflared-helm": {
      "flake": false,
      "locked": {
        "lastModified": 1726797199,
        "narHash": "sha256-x8F9AUNPqb/jEgrIAAxaCp+3t2V+5CoJz/3UFaSaW7o=",
        "owner": "cloudflare",
        "repo": "helm-charts",
        "rev": "76f20fe9ca41d8c40fb138635cf23e545df8d45b",
        "type": "github"
      },
      "original": {
        "owner": "cloudflare",
        "repo": "helm-charts",
        "type": "github"
      }
    },
    "coredns": {
      "flake": false,
      "locked": {
        "lastModified": 1727765042,
        "narHash": "sha256-H8+J24mEYGyNXZenouPjcp0R6onFm5MCrmnPb6yfl+w=",
        "owner": "coredns",
        "repo": "helm",
        "rev": "ecdc676519442ddf6f43d6d2507ae62389a8cf39",
        "type": "github"
      },
      "original": {
        "owner": "coredns",
        "repo": "helm",
        "type": "github"
      }
    },
    "flake-compat": {
      "flake": false,
      "locked": {
        "lastModified": 1696426674,
        "narHash": "sha256-kvjfFW7WAETZlt09AgDn1MrtKzP7t90Vf7vypd3OL1U=",
        "owner": "edolstra",
        "repo": "flake-compat",
        "rev": "0f9255e01c2351cc7d116c072cb317785dd33b33",
        "type": "github"
      },
      "original": {
        "owner": "edolstra",
        "repo": "flake-compat",
        "type": "github"
      }
    },
    "flake-utils": {
      "inputs": {
        "systems": "systems"
      },
      "locked": {
        "lastModified": 1726560853,
        "narHash": "sha256-X6rJYSESBVr3hBoH0WbKE5KvhPU5bloyZ2L4K60/fPQ=",
        "owner": "numtide",
        "repo": "flake-utils",
        "rev": "c1dfcf08411b08f6b8615f7d8971a2bfa81d5e8a",
        "type": "github"
      },
      "original": {
        "owner": "numtide",
        "repo": "flake-utils",
        "type": "github"
      }
    },
    "flake-utils_2": {
      "inputs": {
        "systems": "systems_2"
      },
      "locked": {
        "lastModified": 1710146030,
        "narHash": "sha256-SZ5L6eA7HJ/nmkzGG7/ISclqe6oZdOZTNoesiInkXPQ=",
        "owner": "numtide",
        "repo": "flake-utils",
        "rev": "b1d9ab70662946ef0850d488da1c9019f3a9752a",
        "type": "github"
      },
      "original": {
        "id": "flake-utils",
        "type": "indirect"
      }
    },
    "flake-utils_3": {
      "inputs": {
        "systems": "systems_3"
      },
      "locked": {
        "lastModified": 1710146030,
        "narHash": "sha256-SZ5L6eA7HJ/nmkzGG7/ISclqe6oZdOZTNoesiInkXPQ=",
        "owner": "numtide",
        "repo": "flake-utils",
        "rev": "b1d9ab70662946ef0850d488da1c9019f3a9752a",
        "type": "github"
      },
      "original": {
        "owner": "numtide",
        "repo": "flake-utils",
        "type": "github"
      }
    },
    "flake-utils_4": {
      "inputs": {
        "systems": "systems_5"
      },
      "locked": {
        "lastModified": 1701680307,
        "narHash": "sha256-kAuep2h5ajznlPMD9rnQyffWG8EM/C73lejGofXvdM8=",
        "owner": "numtide",
        "repo": "flake-utils",
        "rev": "4022d587cbbfd70fe950c1e2083a02621806a725",
        "type": "github"
      },
      "original": {
        "owner": "numtide",
        "repo": "flake-utils",
        "type": "github"
      }
    },
    "flake-utils_5": {
      "inputs": {
        "systems": "systems_6"
      },
      "locked": {
        "lastModified": 1710146030,
        "narHash": "sha256-SZ5L6eA7HJ/nmkzGG7/ISclqe6oZdOZTNoesiInkXPQ=",
        "owner": "numtide",
        "repo": "flake-utils",
        "rev": "b1d9ab70662946ef0850d488da1c9019f3a9752a",
        "type": "github"
      },
      "original": {
        "owner": "numtide",
        "repo": "flake-utils",
        "type": "github"
      }
    },
    "haumea": {
      "inputs": {
        "nixpkgs": [
          "nixhelm",
          "nixpkgs"
        ]
      },
      "locked": {
        "lastModified": 1685133229,
        "narHash": "sha256-FePm/Gi9PBSNwiDFq3N+DWdfxFq0UKsVVTJS3cQPn94=",
        "owner": "nix-community",
        "repo": "haumea",
        "rev": "34dd58385092a23018748b50f9b23de6266dffc2",
        "type": "github"
      },
      "original": {
        "owner": "nix-community",
        "ref": "v0.2.2",
        "repo": "haumea",
        "type": "github"
      }
    },
    "minecraft-helm": {
      "flake": false,
      "locked": {
        "lastModified": 1727015910,
        "narHash": "sha256-aIcXzxWhyka3jUpTTkrt11zbCdA80aSgidi/QRlrjRE=",
        "owner": "itzg",
        "repo": "minecraft-server-charts",
        "rev": "735e131e899859292b0f8afa3517da66aae52f1c",
        "type": "github"
      },
      "original": {
        "owner": "itzg",
        "repo": "minecraft-server-charts",
        "type": "github"
      }
    },
    "nfs-helm": {
      "flake": false,
      "locked": {
        "lastModified": 1708056460,
        "narHash": "sha256-eezfOnKkWD7rNXFYtXQN+kMEJ/ew9oG60II1p5jYWzk=",
        "owner": "kubernetes-sigs",
        "repo": "nfs-subdir-external-provisioner",
        "rev": "59a3ca2cd10febfbe200c8676c4107be95f267a9",
        "type": "github"
      },
      "original": {
        "owner": "kubernetes-sigs",
        "repo": "nfs-subdir-external-provisioner",
        "type": "github"
      }
    },
    "nix-github-actions": {
      "inputs": {
        "nixpkgs": [
          "nixhelm",
          "poetry2nix",
          "nixpkgs"
        ]
      },
      "locked": {
        "lastModified": 1703863825,
        "narHash": "sha256-rXwqjtwiGKJheXB43ybM8NwWB8rO2dSRrEqes0S7F5Y=",
        "owner": "nix-community",
        "repo": "nix-github-actions",
        "rev": "5163432afc817cf8bd1f031418d1869e4c9d5547",
        "type": "github"
      },
      "original": {
        "owner": "nix-community",
        "repo": "nix-github-actions",
        "type": "github"
      }
    },
    "nix-kube-generators": {
      "locked": {
        "lastModified": 1708155396,
        "narHash": "sha256-A/BIeJjiRS7sBYP6tFJa/WHDPHe7DGTCkSEKXttYeAQ=",
        "owner": "farcaller",
        "repo": "nix-kube-generators",
        "rev": "14dbd5e5b40615937900f71d9a9851b59b4d9a88",
        "type": "github"
      },
      "original": {
        "owner": "farcaller",
        "repo": "nix-kube-generators",
        "type": "github"
      }
    },
    "nix-kube-generators_2": {
      "locked": {
        "lastModified": 1708155396,
        "narHash": "sha256-A/BIeJjiRS7sBYP6tFJa/WHDPHe7DGTCkSEKXttYeAQ=",
        "owner": "farcaller",
        "repo": "nix-kube-generators",
        "rev": "14dbd5e5b40615937900f71d9a9851b59b4d9a88",
        "type": "github"
      },
      "original": {
        "owner": "farcaller",
        "repo": "nix-kube-generators",
        "type": "github"
      }
    },
    "nixhelm": {
      "inputs": {
        "flake-utils": "flake-utils_2",
        "haumea": "haumea",
        "nix-kube-generators": "nix-kube-generators_2",
        "nixpkgs": "nixpkgs",
        "poetry2nix": "poetry2nix"
      },
      "locked": {
        "lastModified": 1728004635,
        "narHash": "sha256-m79R/MjrkewzHG1xBW7HhSuhaU9IUv9HpQRxwlyPVlg=",
        "owner": "farcaller",
        "repo": "nixhelm",
        "rev": "e9e47714a4a87538897439741b16015b12c19b96",
        "type": "github"
      },
      "original": {
        "owner": "farcaller",
        "repo": "nixhelm",
        "type": "github"
      }
    },
    "nixpkgs": {
      "locked": {
        "lastModified": 1718318537,
        "narHash": "sha256-4Zu0RYRcAY/VWuu6awwq4opuiD//ahpc2aFHg2CWqFY=",
        "owner": "NixOS",
        "repo": "nixpkgs",
        "rev": "e9ee548d90ff586a6471b4ae80ae9cfcbceb3420",
        "type": "github"
      },
      "original": {
        "owner": "NixOS",
        "ref": "nixos-unstable",
        "repo": "nixpkgs",
        "type": "github"
      }
    },
    "nixpkgs_2": {
      "locked": {
        "lastModified": 1728053693,
        "narHash": "sha256-cjnfi1+wh2yhTGqRr3FrUQovgVaJ2m+vb8s3Irj2+mA=",
        "owner": "NixOS",
        "repo": "nixpkgs",
        "rev": "99db8c915cff8c0452e82431dabcb95d4b2ef301",
        "type": "github"
      },
      "original": {
        "owner": "NixOS",
        "repo": "nixpkgs",
        "type": "github"
      }
    },
    "nixpkgs_3": {
      "locked": {
        "lastModified": 1704842529,
        "narHash": "sha256-OTeQA+F8d/Evad33JMfuXC89VMetQbsU4qcaePchGr4=",
        "owner": "NixOS",
        "repo": "nixpkgs",
        "rev": "eabe8d3eface69f5bb16c18f8662a702f50c20d5",
        "type": "github"
      },
      "original": {
        "id": "nixpkgs",
        "type": "indirect"
      }
    },
    "nixpkgs_4": {
      "locked": {
        "lastModified": 1724748588,
        "narHash": "sha256-NlpGA4+AIf1dKNq76ps90rxowlFXUsV9x7vK/mN37JM=",
        "owner": "NixOS",
        "repo": "nixpkgs",
        "rev": "a6292e34000dc93d43bccf78338770c1c5ec8a99",
        "type": "github"
      },
      "original": {
        "owner": "NixOS",
        "ref": "nixpkgs-unstable",
        "repo": "nixpkgs",
        "type": "github"
      }
    },
    "op-scripts": {
      "inputs": {
        "flake-utils": "flake-utils_4",
        "nixpkgs": "nixpkgs_3"
      },
      "locked": {
        "dir": "1password",
        "lastModified": 1728000355,
        "narHash": "sha256-uVLY4mf2t72qVSQDw1Dg/vR17pVuGY077cGeG4kD3Qw=",
        "owner": "heywoodlh",
        "repo": "flakes",
        "rev": "b877683a81d7c33c4d639ec4007405098448f365",
        "type": "github"
      },
      "original": {
        "dir": "1password",
        "owner": "heywoodlh",
        "repo": "flakes",
        "type": "github"
      }
    },
    "open-webui": {
      "flake": false,
      "locked": {
        "lastModified": 1727377165,
        "narHash": "sha256-PVqezOLiTQsLE5RAQ/36Pz8PBZPP5hTbvnLqS5A/EIE=",
        "owner": "open-webui",
        "repo": "open-webui",
        "rev": "1d225dd804575af9ae5981528dfdce695f7f7040",
        "type": "github"
      },
      "original": {
        "owner": "open-webui",
        "repo": "open-webui",
        "type": "github"
      }
    },
    "poetry2nix": {
      "inputs": {
        "flake-utils": "flake-utils_3",
        "nix-github-actions": "nix-github-actions",
        "nixpkgs": [
          "nixhelm",
          "nixpkgs"
        ],
        "systems": "systems_4",
        "treefmt-nix": "treefmt-nix"
      },
      "locked": {
        "lastModified": 1718285706,
        "narHash": "sha256-DScsBM+kZvxOva7QegfdtleebMXh30XPxDQr/1IGKYo=",
        "owner": "nix-community",
        "repo": "poetry2nix",
        "rev": "a5be1bbbe0af0266147a88e0ec43b18c722f2bb9",
        "type": "github"
      },
      "original": {
        "owner": "nix-community",
        "repo": "poetry2nix",
        "type": "github"
      }
    },
    "root": {
      "inputs": {
        "cloudflared-helm": "cloudflared-helm",
        "coredns": "coredns",
        "flake-utils": "flake-utils",
        "minecraft-helm": "minecraft-helm",
        "nfs-helm": "nfs-helm",
        "nix-kube-generators": "nix-kube-generators",
        "nixhelm": "nixhelm",
        "nixpkgs": "nixpkgs_2",
        "op-scripts": "op-scripts",
        "open-webui": "open-webui",
        "tailscale": "tailscale",
        "truecharts-helm": "truecharts-helm"
      }
    },
    "systems": {
      "locked": {
        "lastModified": 1681028828,
        "narHash": "sha256-Vy1rq5AaRuLzOxct8nz4T6wlgyUR7zLU309k9mBC768=",
        "owner": "nix-systems",
        "repo": "default",
        "rev": "da67096a3b9bf56a91d16901293e51ba5b49a27e",
        "type": "github"
      },
      "original": {
        "owner": "nix-systems",
        "repo": "default",
        "type": "github"
      }
    },
    "systems_2": {
      "locked": {
        "lastModified": 1681028828,
        "narHash": "sha256-Vy1rq5AaRuLzOxct8nz4T6wlgyUR7zLU309k9mBC768=",
        "owner": "nix-systems",
        "repo": "default",
        "rev": "da67096a3b9bf56a91d16901293e51ba5b49a27e",
        "type": "github"
      },
      "original": {
        "owner": "nix-systems",
        "repo": "default",
        "type": "github"
      }
    },
    "systems_3": {
      "locked": {
        "lastModified": 1681028828,
        "narHash": "sha256-Vy1rq5AaRuLzOxct8nz4T6wlgyUR7zLU309k9mBC768=",
        "owner": "nix-systems",
        "repo": "default",
        "rev": "da67096a3b9bf56a91d16901293e51ba5b49a27e",
        "type": "github"
      },
      "original": {
        "owner": "nix-systems",
        "repo": "default",
        "type": "github"
      }
    },
    "systems_4": {
      "locked": {
        "lastModified": 1681028828,
        "narHash": "sha256-Vy1rq5AaRuLzOxct8nz4T6wlgyUR7zLU309k9mBC768=",
        "owner": "nix-systems",
        "repo": "default",
        "rev": "da67096a3b9bf56a91d16901293e51ba5b49a27e",
        "type": "github"
      },
      "original": {
        "id": "systems",
        "type": "indirect"
      }
    },
    "systems_5": {
      "locked": {
        "lastModified": 1681028828,
        "narHash": "sha256-Vy1rq5AaRuLzOxct8nz4T6wlgyUR7zLU309k9mBC768=",
        "owner": "nix-systems",
        "repo": "default",
        "rev": "da67096a3b9bf56a91d16901293e51ba5b49a27e",
        "type": "github"
      },
      "original": {
        "owner": "nix-systems",
        "repo": "default",
        "type": "github"
      }
    },
    "systems_6": {
      "locked": {
        "lastModified": 1681028828,
        "narHash": "sha256-Vy1rq5AaRuLzOxct8nz4T6wlgyUR7zLU309k9mBC768=",
        "owner": "nix-systems",
        "repo": "default",
        "rev": "da67096a3b9bf56a91d16901293e51ba5b49a27e",
        "type": "github"
      },
      "original": {
        "owner": "nix-systems",
        "repo": "default",
        "type": "github"
      }
    },
    "tailscale": {
      "inputs": {
        "flake-compat": "flake-compat",
        "flake-utils": "flake-utils_5",
        "nixpkgs": "nixpkgs_4"
      },
      "locked": {
        "lastModified": 1728054108,
        "narHash": "sha256-Xr8JO5QdbaOxNN2NE44pYOa20lgjEKfu4llitWZUdHo=",
        "owner": "tailscale",
        "repo": "tailscale",
        "rev": "f30d85310c450c76c8a7bc724bc2f2599eb7e6ad",
        "type": "github"
      },
      "original": {
        "owner": "tailscale",
        "repo": "tailscale",
        "type": "github"
      }
    },
    "treefmt-nix": {
      "inputs": {
        "nixpkgs": [
          "nixhelm",
          "poetry2nix",
          "nixpkgs"
        ]
      },
      "locked": {
        "lastModified": 1717850719,
        "narHash": "sha256-npYqVg+Wk4oxnWrnVG7416fpfrlRhp/lQ6wQ4DHI8YE=",
        "owner": "numtide",
        "repo": "treefmt-nix",
        "rev": "4fc1c45a5f50169f9f29f6a98a438fb910b834ed",
        "type": "github"
      },
      "original": {
        "owner": "numtide",
        "repo": "treefmt-nix",
        "type": "github"
      }
    },
    "truecharts-helm": {
      "flake": false,
      "locked": {
        "lastModified": 1728053529,
        "narHash": "sha256-i3/YkjBMBky+G7yk+OphNdJl9xtDujktf3/gZ24cx9A=",
        "owner": "truecharts",
        "repo": "charts",
        "rev": "aba1e452615aa23c8ce3c8c1f70f1ba5c3510b9b",
        "type": "github"
      },
      "original": {
        "owner": "truecharts",
        "repo": "charts",
        "type": "github"
      }
    }
  },
  "root": "root",
  "version": 7
}
