{
  "nodes": {
    "fish-flake": {
      "inputs": {
        "flake-utils": "flake-utils",
        "nixpkgs": [
          "nixpkgs"
        ]
      },
      "locked": {
        "dir": "fish",
        "lastModified": 1734032485,
        "narHash": "sha256-795zBJWh8/1e2pk3GqBNjehFnXvbgHFuH+I4qDZxxgc=",
        "owner": "heywoodlh",
        "repo": "flakes",
        "rev": "4308c7f5d0a1dea3d06dab0f7f252959c050c2e4",
        "type": "github"
      },
      "original": {
        "dir": "fish",
        "owner": "heywoodlh",
        "repo": "flakes",
        "type": "github"
      }
    },
    "flake-utils": {
      "inputs": {
        "systems": "systems"
      },
      "locked": {
        "lastModified": 1726560853,
        "narHash": "sha256-X6rJYSESBVr3hBoH0WbKE5KvhPU5bloyZ2L4K60/fPQ=",
        "owner": "numtide",
        "repo": "flake-utils",
        "rev": "c1dfcf08411b08f6b8615f7d8971a2bfa81d5e8a",
        "type": "github"
      },
      "original": {
        "owner": "numtide",
        "repo": "flake-utils",
        "type": "github"
      }
    },
    "flake-utils_2": {
      "inputs": {
        "systems": "systems_2"
      },
      "locked": {
        "lastModified": 1731533236,
        "narHash": "sha256-l0KFg5HjrsfsO/JpG+r7fRrqm12kzFHyUHqHCVpMMbI=",
        "owner": "numtide",
        "repo": "flake-utils",
        "rev": "11707dc2f618dd54ca8739b309ec4fc024de578b",
        "type": "github"
      },
      "original": {
        "owner": "numtide",
        "repo": "flake-utils",
        "type": "github"
      }
    },
    "flake-utils_3": {
      "inputs": {
        "systems": "systems_3"
      },
      "locked": {
        "lastModified": 1731533236,
        "narHash": "sha256-l0KFg5HjrsfsO/JpG+r7fRrqm12kzFHyUHqHCVpMMbI=",
        "owner": "numtide",
        "repo": "flake-utils",
        "rev": "11707dc2f618dd54ca8739b309ec4fc024de578b",
        "type": "github"
      },
      "original": {
        "owner": "numtide",
        "repo": "flake-utils",
        "type": "github"
      }
    },
    "nixpkgs": {
      "locked": {
        "lastModified": 1733749988,
        "narHash": "sha256-+5qdtgXceqhK5ZR1YbP1fAUsweBIrhL38726oIEAtDs=",
        "owner": "NixOS",
        "repo": "nixpkgs",
        "rev": "bc27f0fde01ce4e1bfec1ab122d72b7380278e68",
        "type": "github"
      },
      "original": {
        "owner": "NixOS",
        "ref": "nixpkgs-unstable",
        "repo": "nixpkgs",
        "type": "github"
      }
    },
    "nixpkgs-stable": {
      "locked": {
        "lastModified": 1733730953,
        "narHash": "sha256-dlK7n82FEyZlHH7BFHQAM5tua+lQO1Iv7aAtglc1O5s=",
        "owner": "NixOS",
        "repo": "nixpkgs",
        "rev": "7109b680d161993918b0a126f38bc39763e5a709",
        "type": "github"
      },
      "original": {
        "owner": "NixOS",
        "ref": "nixos-24.05",
        "repo": "nixpkgs",
        "type": "github"
      }
    },
    "nordic": {
      "flake": false,
      "locked": {
        "lastModified": 1656106219,
        "narHash": "sha256-pKnFHaRBRVIgjn77gQHdGuznPelSkHzebNxuqfxgomM=",
        "type": "tarball",
        "url": "https://github.com/EliverLara/Nordic/releases/download/v2.2.0/Nordic.tar.xz"
      },
      "original": {
        "type": "tarball",
        "url": "https://github.com/EliverLara/Nordic/releases/download/v2.2.0/Nordic.tar.xz"
      }
    },
    "root": {
      "inputs": {
        "fish-flake": "fish-flake",
        "flake-utils": "flake-utils_2",
        "nixpkgs": "nixpkgs",
        "nixpkgs-stable": "nixpkgs-stable",
        "nordic": "nordic",
        "vim-flake": "vim-flake",
        "vim-ime": "vim-ime"
      }
    },
    "systems": {
      "locked": {
        "lastModified": 1681028828,
        "narHash": "sha256-Vy1rq5AaRuLzOxct8nz4T6wlgyUR7zLU309k9mBC768=",
        "owner": "nix-systems",
        "repo": "default",
        "rev": "da67096a3b9bf56a91d16901293e51ba5b49a27e",
        "type": "github"
      },
      "original": {
        "owner": "nix-systems",
        "repo": "default",
        "type": "github"
      }
    },
    "systems_2": {
      "locked": {
        "lastModified": 1681028828,
        "narHash": "sha256-Vy1rq5AaRuLzOxct8nz4T6wlgyUR7zLU309k9mBC768=",
        "owner": "nix-systems",
        "repo": "default",
        "rev": "da67096a3b9bf56a91d16901293e51ba5b49a27e",
        "type": "github"
      },
      "original": {
        "owner": "nix-systems",
        "repo": "default",
        "type": "github"
      }
    },
    "systems_3": {
      "locked": {
        "lastModified": 1681028828,
        "narHash": "sha256-Vy1rq5AaRuLzOxct8nz4T6wlgyUR7zLU309k9mBC768=",
        "owner": "nix-systems",
        "repo": "default",
        "rev": "da67096a3b9bf56a91d16901293e51ba5b49a27e",
        "type": "github"
      },
      "original": {
        "owner": "nix-systems",
        "repo": "default",
        "type": "github"
      }
    },
    "vim-flake": {
      "inputs": {
        "flake-utils": "flake-utils_3",
        "nixpkgs": [
          "nixpkgs"
        ]
      },
      "locked": {
        "dir": "vim",
        "lastModified": 1734032485,
        "narHash": "sha256-795zBJWh8/1e2pk3GqBNjehFnXvbgHFuH+I4qDZxxgc=",
        "owner": "heywoodlh",
        "repo": "flakes",
        "rev": "4308c7f5d0a1dea3d06dab0f7f252959c050c2e4",
        "type": "github"
      },
      "original": {
        "dir": "vim",
        "owner": "heywoodlh",
        "repo": "flakes",
        "type": "github"
      }
    },
    "vim-ime": {
      "flake": false,
      "locked": {
        "lastModified": 1670450748,
        "narHash": "sha256-J5fy57e43tFEX7rGIRZY9Ata4h4xuBv/q9fCun0IIeI=",
        "owner": "heywoodlh",
        "repo": "vim-input-editor",
        "rev": "4a4edd16b28387812ee3f84874121d571eccca0b",
        "type": "github"
      },
      "original": {
        "owner": "heywoodlh",
        "repo": "vim-input-editor",
        "type": "github"
      }
    }
  },
  "root": "root",
  "version": 7
}
