{
  "nodes": {
    "fish-flake": {
      "inputs": {
        "flake-utils": "flake-utils",
        "nixpkgs": [
          "nixpkgs"
        ]
      },
      "locked": {
        "dir": "fish",
        "lastModified": 1720554261,
        "narHash": "sha256-Ct4Q4MrlP9PlqwOAlIW9l2WIx5JyZZssKz4fAnUhUhc=",
        "owner": "heywoodlh",
        "repo": "flakes",
        "rev": "66d5fb1b89f9c163d96ff8ca5ee2e737f92b0429",
        "type": "github"
      },
      "original": {
        "dir": "fish",
        "owner": "heywoodlh",
        "repo": "flakes",
        "type": "github"
      }
    },
    "flake-utils": {
      "inputs": {
        "systems": "systems"
      },
      "locked": {
        "lastModified": 1710146030,
        "narHash": "sha256-SZ5L6eA7HJ/nmkzGG7/ISclqe6oZdOZTNoesiInkXPQ=",
        "owner": "numtide",
        "repo": "flake-utils",
        "rev": "b1d9ab70662946ef0850d488da1c9019f3a9752a",
        "type": "github"
      },
      "original": {
        "owner": "numtide",
        "repo": "flake-utils",
        "type": "github"
      }
    },
    "flake-utils_2": {
      "inputs": {
        "systems": "systems_2"
      },
      "locked": {
        "lastModified": 1710146030,
        "narHash": "sha256-SZ5L6eA7HJ/nmkzGG7/ISclqe6oZdOZTNoesiInkXPQ=",
        "owner": "numtide",
        "repo": "flake-utils",
        "rev": "b1d9ab70662946ef0850d488da1c9019f3a9752a",
        "type": "github"
      },
      "original": {
        "owner": "numtide",
        "repo": "flake-utils",
        "type": "github"
      }
    },
    "flake-utils_3": {
      "inputs": {
        "systems": "systems_3"
      },
      "locked": {
        "lastModified": 1710146030,
        "narHash": "sha256-SZ5L6eA7HJ/nmkzGG7/ISclqe6oZdOZTNoesiInkXPQ=",
        "owner": "numtide",
        "repo": "flake-utils",
        "rev": "b1d9ab70662946ef0850d488da1c9019f3a9752a",
        "type": "github"
      },
      "original": {
        "owner": "numtide",
        "repo": "flake-utils",
        "type": "github"
      }
    },
    "flake-utils_4": {
      "inputs": {
        "systems": "systems_4"
      },
      "locked": {
        "lastModified": 1710146030,
        "narHash": "sha256-SZ5L6eA7HJ/nmkzGG7/ISclqe6oZdOZTNoesiInkXPQ=",
        "owner": "numtide",
        "repo": "flake-utils",
        "rev": "b1d9ab70662946ef0850d488da1c9019f3a9752a",
        "type": "github"
      },
      "original": {
        "owner": "numtide",
        "repo": "flake-utils",
        "type": "github"
      }
    },
    "nixpkgs": {
      "locked": {
        "lastModified": 1720657034,
        "narHash": "sha256-nPhbeFdyN8yn+EXmnPcBWisoypndtQbNIhSKmAinv3E=",
        "owner": "NixOS",
        "repo": "nixpkgs",
        "rev": "212defe037698e18fc9521dfe451779a8979844c",
        "type": "github"
      },
      "original": {
        "owner": "NixOS",
        "ref": "nixpkgs-unstable",
        "repo": "nixpkgs",
        "type": "github"
      }
    },
    "nixpkgs-stable": {
      "locked": {
        "lastModified": 1719957072,
        "narHash": "sha256-gvFhEf5nszouwLAkT9nWsDzocUTqLWHuL++dvNjMp9I=",
        "owner": "NixOS",
        "repo": "nixpkgs",
        "rev": "7144d6241f02d171d25fba3edeaf15e0f2592105",
        "type": "github"
      },
      "original": {
        "owner": "NixOS",
        "ref": "nixos-23.11",
        "repo": "nixpkgs",
        "type": "github"
      }
    },
    "nordic": {
      "flake": false,
      "locked": {
        "lastModified": 1656106219,
        "narHash": "sha256-pKnFHaRBRVIgjn77gQHdGuznPelSkHzebNxuqfxgomM=",
        "type": "tarball",
        "url": "https://github.com/EliverLara/Nordic/releases/download/v2.2.0/Nordic.tar.xz"
      },
      "original": {
        "type": "tarball",
        "url": "https://github.com/EliverLara/Nordic/releases/download/v2.2.0/Nordic.tar.xz"
      }
    },
    "root": {
      "inputs": {
        "fish-flake": "fish-flake",
        "flake-utils": "flake-utils_2",
        "nixpkgs": "nixpkgs",
        "nixpkgs-stable": "nixpkgs-stable",
        "nordic": "nordic",
        "tmux-flake": "tmux-flake",
        "vim-flake": "vim-flake",
        "vim-ime": "vim-ime"
      }
    },
    "systems": {
      "locked": {
        "lastModified": 1681028828,
        "narHash": "sha256-Vy1rq5AaRuLzOxct8nz4T6wlgyUR7zLU309k9mBC768=",
        "owner": "nix-systems",
        "repo": "default",
        "rev": "da67096a3b9bf56a91d16901293e51ba5b49a27e",
        "type": "github"
      },
      "original": {
        "owner": "nix-systems",
        "repo": "default",
        "type": "github"
      }
    },
    "systems_2": {
      "locked": {
        "lastModified": 1681028828,
        "narHash": "sha256-Vy1rq5AaRuLzOxct8nz4T6wlgyUR7zLU309k9mBC768=",
        "owner": "nix-systems",
        "repo": "default",
        "rev": "da67096a3b9bf56a91d16901293e51ba5b49a27e",
        "type": "github"
      },
      "original": {
        "owner": "nix-systems",
        "repo": "default",
        "type": "github"
      }
    },
    "systems_3": {
      "locked": {
        "lastModified": 1681028828,
        "narHash": "sha256-Vy1rq5AaRuLzOxct8nz4T6wlgyUR7zLU309k9mBC768=",
        "owner": "nix-systems",
        "repo": "default",
        "rev": "da67096a3b9bf56a91d16901293e51ba5b49a27e",
        "type": "github"
      },
      "original": {
        "owner": "nix-systems",
        "repo": "default",
        "type": "github"
      }
    },
    "systems_4": {
      "locked": {
        "lastModified": 1681028828,
        "narHash": "sha256-Vy1rq5AaRuLzOxct8nz4T6wlgyUR7zLU309k9mBC768=",
        "owner": "nix-systems",
        "repo": "default",
        "rev": "da67096a3b9bf56a91d16901293e51ba5b49a27e",
        "type": "github"
      },
      "original": {
        "owner": "nix-systems",
        "repo": "default",
        "type": "github"
      }
    },
    "tmux-flake": {
      "inputs": {
        "fish-flake": [
          "fish-flake"
        ],
        "flake-utils": "flake-utils_3",
        "nixpkgs": [
          "nixpkgs"
        ]
      },
      "locked": {
        "dir": "tmux",
        "lastModified": 1720554261,
        "narHash": "sha256-Ct4Q4MrlP9PlqwOAlIW9l2WIx5JyZZssKz4fAnUhUhc=",
        "owner": "heywoodlh",
        "repo": "flakes",
        "rev": "66d5fb1b89f9c163d96ff8ca5ee2e737f92b0429",
        "type": "github"
      },
      "original": {
        "dir": "tmux",
        "owner": "heywoodlh",
        "repo": "flakes",
        "type": "github"
      }
    },
    "vim-flake": {
      "inputs": {
        "flake-utils": "flake-utils_4",
        "nixpkgs": [
          "nixpkgs"
        ]
      },
      "locked": {
        "dir": "vim",
        "lastModified": 1720554261,
        "narHash": "sha256-Ct4Q4MrlP9PlqwOAlIW9l2WIx5JyZZssKz4fAnUhUhc=",
        "owner": "heywoodlh",
        "repo": "flakes",
        "rev": "66d5fb1b89f9c163d96ff8ca5ee2e737f92b0429",
        "type": "github"
      },
      "original": {
        "dir": "vim",
        "owner": "heywoodlh",
        "repo": "flakes",
        "type": "github"
      }
    },
    "vim-ime": {
      "flake": false,
      "locked": {
        "lastModified": 1670450748,
        "narHash": "sha256-J5fy57e43tFEX7rGIRZY9Ata4h4xuBv/q9fCun0IIeI=",
        "owner": "heywoodlh",
        "repo": "vim-input-editor",
        "rev": "4a4edd16b28387812ee3f84874121d571eccca0b",
        "type": "github"
      },
      "original": {
        "owner": "heywoodlh",
        "repo": "vim-input-editor",
        "type": "github"
      }
    }
  },
  "root": "root",
  "version": 7
}
